
Microsoft Visual Studio Solution File, Format Version 12.00
# Visual Studio Version 16
VisualStudioVersion = 16.0.29306.81
MinimumVisualStudioVersion = 10.0.40219.1
Project("{FAE04EC0-301F-11D3-BF4B-00C04F79EFBC}") = "Oblik Lib", "Oblik Lib.csproj", "{91B9E860-BB44-460A-A32C-D125EFA6CD73}"
EndProject
Global
	GlobalSection(SolutionConfigurationPlatforms) = preSolution
		Debug|Any CPU = Debug|Any CPU
		Release|Any CPU = Release|Any CPU
	EndGlobalSection
	GlobalSection(ProjectConfigurationPlatforms) = postSolution
		{91B9E860-BB44-460A-A32C-D125EFA6CD73}.Debug|Any CPU.ActiveCfg = Debug|Any CPU
		{91B9E860-BB44-460A-A32C-D125EFA6CD73}.Debug|Any CPU.Build.0 = Debug|Any CPU
		{91B9E860-BB44-460A-A32C-D125EFA6CD73}.Release|Any CPU.ActiveCfg = Release|Any CPU
		{91B9E860-BB44-460A-A32C-D125EFA6CD73}.Release|Any CPU.Build.0 = Release|Any CPU
	EndGlobalSection
	GlobalSection(SolutionProperties) = preSolution
		HideSolutionNode = FALSE
	EndGlobalSection
	GlobalSection(ExtensibilityGlobals) = postSolution
		SolutionGuid = {714EEB48-DDBF-427E-AF02-CA498745065F}
	EndGlobalSection
EndGlobal
